
Microsoft Visual Studio Solution File, Format Version 12.00
# Visual Studio Version 16
VisualStudioVersion = 16.0.32630.195
MinimumVisualStudioVersion = 10.0.40219.1
Project("{FAE04EC0-301F-11D3-BF4B-00C04F79EFBC}") = "HelloWorld", "HelloWorld.csproj", "{2ABD6D67-ADBB-43B2-A8A8-44EFD94F6D9C}"
EndProject
Global
	GlobalSection(SolutionConfigurationPlatforms) = preSolution
		Debug|Any CPU = Debug|Any CPU
		Release|Any CPU = Release|Any CPU
	EndGlobalSection
	GlobalSection(ProjectConfigurationPlatforms) = postSolution
		{2ABD6D67-ADBB-43B2-A8A8-44EFD94F6D9C}.Debug|Any CPU.ActiveCfg = Debug|Any CPU
		{2ABD6D67-ADBB-43B2-A8A8-44EFD94F6D9C}.Debug|Any CPU.Build.0 = Debug|Any CPU
		{2ABD6D67-ADBB-43B2-A8A8-44EFD94F6D9C}.Release|Any CPU.ActiveCfg = Release|Any CPU
		{2ABD6D67-ADBB-43B2-A8A8-44EFD94F6D9C}.Release|Any CPU.Build.0 = Release|Any CPU
	EndGlobalSection
	GlobalSection(SolutionProperties) = preSolution
		HideSolutionNode = FALSE
	EndGlobalSection
	GlobalSection(ExtensibilityGlobals) = postSolution
		SolutionGuid = {111E8C16-71D3-496A-B085-BA511C734BBE}
	EndGlobalSection
EndGlobal
