
Microsoft Visual Studio Solution File, Format Version 12.00
# Visual Studio Version 17
VisualStudioVersion = 17.3.32825.248
MinimumVisualStudioVersion = 10.0.40219.1
Project("{FAE04EC0-301F-11D3-BF4B-00C04F79EFBC}") = "LaptopJunction", "LaptopJunction\LaptopJunction.csproj", "{3B8675EA-D269-4C2E-A6D8-16F036D6D364}"
EndProject
Global
	GlobalSection(SolutionConfigurationPlatforms) = preSolution
		Debug|Any CPU = Debug|Any CPU
		Release|Any CPU = Release|Any CPU
	EndGlobalSection
	GlobalSection(ProjectConfigurationPlatforms) = postSolution
		{3B8675EA-D269-4C2E-A6D8-16F036D6D364}.Debug|Any CPU.ActiveCfg = Debug|Any CPU
		{3B8675EA-D269-4C2E-A6D8-16F036D6D364}.Debug|Any CPU.Build.0 = Debug|Any CPU
		{3B8675EA-D269-4C2E-A6D8-16F036D6D364}.Release|Any CPU.ActiveCfg = Release|Any CPU
		{3B8675EA-D269-4C2E-A6D8-16F036D6D364}.Release|Any CPU.Build.0 = Release|Any CPU
	EndGlobalSection
	GlobalSection(SolutionProperties) = preSolution
		HideSolutionNode = FALSE
	EndGlobalSection
	GlobalSection(ExtensibilityGlobals) = postSolution
		SolutionGuid = {57AD706B-EB77-4354-82D6-1917EA6018D0}
	EndGlobalSection
EndGlobal
